
Microsoft Visual Studio Solution File, Format Version 12.00
# Visual Studio Version 17
VisualStudioVersion = 17.0.31903.59
MinimumVisualStudioVersion = 10.0.40219.1
Project("{FAE04EC0-301F-11D3-BF4B-00C04F79EFBC}") = "WindowsFormsApp5", "WindowsFormsApp5\WindowsFormsApp5.csproj", "{D0C6B317-6AE9-492D-9B0F-B4E01EAE0F3C}"
EndProject
Global
	GlobalSection(SolutionConfigurationPlatforms) = preSolution
		Debug|Any CPU = Debug|Any CPU
		Release|Any CPU = Release|Any CPU
	EndGlobalSection
	GlobalSection(ProjectConfigurationPlatforms) = postSolution
		{D0C6B317-6AE9-492D-9B0F-B4E01EAE0F3C}.Debug|Any CPU.ActiveCfg = Debug|Any CPU
		{D0C6B317-6AE9-492D-9B0F-B4E01EAE0F3C}.Debug|Any CPU.Build.0 = Debug|Any CPU
		{D0C6B317-6AE9-492D-9B0F-B4E01EAE0F3C}.Release|Any CPU.ActiveCfg = Release|Any CPU
		{D0C6B317-6AE9-492D-9B0F-B4E01EAE0F3C}.Release|Any CPU.Build.0 = Release|Any CPU
	EndGlobalSection
	GlobalSection(SolutionProperties) = preSolution
		HideSolutionNode = FALSE
	EndGlobalSection
	GlobalSection(ExtensibilityGlobals) = postSolution
		SolutionGuid = {A57EA185-9145-4CED-A659-E7C312212E9A}
	EndGlobalSection
EndGlobal
